
Microsoft Visual Studio Solution File, Format Version 12.00
# Visual Studio 15
Project("{FAE04EC0-301F-11D3-BF4B-00C04F79EFBC}") = "Assembly-CSharp", "Assembly-CSharp.csproj", "{2002D2BD-E48F-09F5-F7AD-339B648D7750}"
EndProject
Project("{FAE04EC0-301F-11D3-BF4B-00C04F79EFBC}") = "Assembly-CSharp-firstpass", "Assembly-CSharp-firstpass.csproj", "{6B9A4190-2968-6B3E-6D31-81D4ABBEB550}"
EndProject
Project("{FAE04EC0-301F-11D3-BF4B-00C04F79EFBC}") = "Assembly-CSharp-Editor", "Assembly-CSharp-Editor.csproj", "{7CBA98CB-353B-D71E-1366-A9E6BA802A0D}"
EndProject
Global
	GlobalSection(SolutionConfigurationPlatforms) = preSolution
		Debug|Any CPU = Debug|Any CPU
		Release|Any CPU = Release|Any CPU
	EndGlobalSection
	GlobalSection(ProjectConfigurationPlatforms) = postSolution
		{2002D2BD-E48F-09F5-F7AD-339B648D7750}.Debug|Any CPU.ActiveCfg = Debug|Any CPU
		{2002D2BD-E48F-09F5-F7AD-339B648D7750}.Debug|Any CPU.Build.0 = Debug|Any CPU
		{2002D2BD-E48F-09F5-F7AD-339B648D7750}.Release|Any CPU.ActiveCfg = Release|Any CPU
		{2002D2BD-E48F-09F5-F7AD-339B648D7750}.Release|Any CPU.Build.0 = Release|Any CPU
		{6B9A4190-2968-6B3E-6D31-81D4ABBEB550}.Debug|Any CPU.ActiveCfg = Debug|Any CPU
		{6B9A4190-2968-6B3E-6D31-81D4ABBEB550}.Debug|Any CPU.Build.0 = Debug|Any CPU
		{6B9A4190-2968-6B3E-6D31-81D4ABBEB550}.Release|Any CPU.ActiveCfg = Release|Any CPU
		{6B9A4190-2968-6B3E-6D31-81D4ABBEB550}.Release|Any CPU.Build.0 = Release|Any CPU
		{7CBA98CB-353B-D71E-1366-A9E6BA802A0D}.Debug|Any CPU.ActiveCfg = Debug|Any CPU
		{7CBA98CB-353B-D71E-1366-A9E6BA802A0D}.Debug|Any CPU.Build.0 = Debug|Any CPU
		{7CBA98CB-353B-D71E-1366-A9E6BA802A0D}.Release|Any CPU.ActiveCfg = Release|Any CPU
		{7CBA98CB-353B-D71E-1366-A9E6BA802A0D}.Release|Any CPU.Build.0 = Release|Any CPU
	EndGlobalSection
	GlobalSection(SolutionProperties) = preSolution
		HideSolutionNode = FALSE
	EndGlobalSection
EndGlobal
