
Microsoft Visual Studio Solution File, Format Version 12.00
# Visual Studio 15
Project("{FAE04EC0-301F-11D3-BF4B-00C04F79EFBC}") = "Assembly-CSharp", "Assembly-CSharp.csproj", "{15EF6AF8-25B4-9BAB-6A45-2B98AEFDC4C3}"
EndProject
Project("{FAE04EC0-301F-11D3-BF4B-00C04F79EFBC}") = "Assembly-CSharp-firstpass", "Assembly-CSharp-firstpass.csproj", "{DC0168D7-19BB-C17D-BB20-89F42691D501}"
EndProject
Project("{FAE04EC0-301F-11D3-BF4B-00C04F79EFBC}") = "Assembly-CSharp-Editor", "Assembly-CSharp-Editor.csproj", "{A37625CB-E7A1-29FD-E941-B802553D1FC3}"
EndProject
Global
	GlobalSection(SolutionConfigurationPlatforms) = preSolution
		Debug|Any CPU = Debug|Any CPU
		Release|Any CPU = Release|Any CPU
	EndGlobalSection
	GlobalSection(ProjectConfigurationPlatforms) = postSolution
		{15EF6AF8-25B4-9BAB-6A45-2B98AEFDC4C3}.Debug|Any CPU.ActiveCfg = Debug|Any CPU
		{15EF6AF8-25B4-9BAB-6A45-2B98AEFDC4C3}.Debug|Any CPU.Build.0 = Debug|Any CPU
		{15EF6AF8-25B4-9BAB-6A45-2B98AEFDC4C3}.Release|Any CPU.ActiveCfg = Release|Any CPU
		{15EF6AF8-25B4-9BAB-6A45-2B98AEFDC4C3}.Release|Any CPU.Build.0 = Release|Any CPU
		{DC0168D7-19BB-C17D-BB20-89F42691D501}.Debug|Any CPU.ActiveCfg = Debug|Any CPU
		{DC0168D7-19BB-C17D-BB20-89F42691D501}.Debug|Any CPU.Build.0 = Debug|Any CPU
		{DC0168D7-19BB-C17D-BB20-89F42691D501}.Release|Any CPU.ActiveCfg = Release|Any CPU
		{DC0168D7-19BB-C17D-BB20-89F42691D501}.Release|Any CPU.Build.0 = Release|Any CPU
		{A37625CB-E7A1-29FD-E941-B802553D1FC3}.Debug|Any CPU.ActiveCfg = Debug|Any CPU
		{A37625CB-E7A1-29FD-E941-B802553D1FC3}.Debug|Any CPU.Build.0 = Debug|Any CPU
		{A37625CB-E7A1-29FD-E941-B802553D1FC3}.Release|Any CPU.ActiveCfg = Release|Any CPU
		{A37625CB-E7A1-29FD-E941-B802553D1FC3}.Release|Any CPU.Build.0 = Release|Any CPU
	EndGlobalSection
	GlobalSection(SolutionProperties) = preSolution
		HideSolutionNode = FALSE
	EndGlobalSection
EndGlobal
